
Microsoft Visual Studio Solution File, Format Version 12.00
# Visual Studio Version 17
VisualStudioVersion = 17.12.35707.178 d17.12
MinimumVisualStudioVersion = 10.0.40219.1
Project("{FAE04EC0-301F-11D3-BF4B-00C04F79EFBC}") = "TaskManagementApp.Web", "TaskManagementApp.Web\TaskManagementApp.Web.csproj", "{D3E5ADED-9031-4BAD-A123-EBD0A78026C2}"
EndProject
Project("{FAE04EC0-301F-11D3-BF4B-00C04F79EFBC}") = "TaskManagmentApp.Application", "TaskManagmentApp.Application\TaskManagmentApp.Application.csproj", "{777FBC17-98F3-4351-AF88-088BF5DD34E7}"
EndProject
Project("{FAE04EC0-301F-11D3-BF4B-00C04F79EFBC}") = "TaskManagmentApp.Domain", "TaskManagmentApp.Domain\TaskManagmentApp.Domain.csproj", "{A1FC4539-B892-41AD-8E94-5F1807E28B10}"
EndProject
Project("{FAE04EC0-301F-11D3-BF4B-00C04F79EFBC}") = "TaskManagmentApp.Infastructure", "TaskManagmentApp.Infastructure\TaskManagmentApp.Infastructure.csproj", "{0A02A488-4DAB-4D6C-BC47-F06DC8B9DEE5}"
EndProject
Global
	GlobalSection(SolutionConfigurationPlatforms) = preSolution
		Debug|Any CPU = Debug|Any CPU
		Release|Any CPU = Release|Any CPU
	EndGlobalSection
	GlobalSection(ProjectConfigurationPlatforms) = postSolution
		{D3E5ADED-9031-4BAD-A123-EBD0A78026C2}.Debug|Any CPU.ActiveCfg = Debug|Any CPU
		{D3E5ADED-9031-4BAD-A123-EBD0A78026C2}.Debug|Any CPU.Build.0 = Debug|Any CPU
		{D3E5ADED-9031-4BAD-A123-EBD0A78026C2}.Release|Any CPU.ActiveCfg = Release|Any CPU
		{D3E5ADED-9031-4BAD-A123-EBD0A78026C2}.Release|Any CPU.Build.0 = Release|Any CPU
		{777FBC17-98F3-4351-AF88-088BF5DD34E7}.Debug|Any CPU.ActiveCfg = Debug|Any CPU
		{777FBC17-98F3-4351-AF88-088BF5DD34E7}.Debug|Any CPU.Build.0 = Debug|Any CPU
		{777FBC17-98F3-4351-AF88-088BF5DD34E7}.Release|Any CPU.ActiveCfg = Release|Any CPU
		{777FBC17-98F3-4351-AF88-088BF5DD34E7}.Release|Any CPU.Build.0 = Release|Any CPU
		{A1FC4539-B892-41AD-8E94-5F1807E28B10}.Debug|Any CPU.ActiveCfg = Debug|Any CPU
		{A1FC4539-B892-41AD-8E94-5F1807E28B10}.Debug|Any CPU.Build.0 = Debug|Any CPU
		{A1FC4539-B892-41AD-8E94-5F1807E28B10}.Release|Any CPU.ActiveCfg = Release|Any CPU
		{A1FC4539-B892-41AD-8E94-5F1807E28B10}.Release|Any CPU.Build.0 = Release|Any CPU
		{0A02A488-4DAB-4D6C-BC47-F06DC8B9DEE5}.Debug|Any CPU.ActiveCfg = Debug|Any CPU
		{0A02A488-4DAB-4D6C-BC47-F06DC8B9DEE5}.Debug|Any CPU.Build.0 = Debug|Any CPU
		{0A02A488-4DAB-4D6C-BC47-F06DC8B9DEE5}.Release|Any CPU.ActiveCfg = Release|Any CPU
		{0A02A488-4DAB-4D6C-BC47-F06DC8B9DEE5}.Release|Any CPU.Build.0 = Release|Any CPU
	EndGlobalSection
	GlobalSection(SolutionProperties) = preSolution
		HideSolutionNode = FALSE
	EndGlobalSection
EndGlobal
